// !$*UTF8*$!
{
	archiveVersion = 1;
	classes = {
	};
	objectVersion = 52;
	objects = {

/* Begin PBXBuildFile section */
		0D220EF726B8396700ECE350 /* WordChartCell.swift in Sources */ = {isa = PBXBuildFile; fileRef = 0D220EF526B8396700ECE350 /* WordChartCell.swift */; };
		0D220EF826B8396700ECE350 /* WordChartCell.xib in Resources */ = {isa = PBXBuildFile; fileRef = 0D220EF626B8396700ECE350 /* WordChartCell.xib */; };
		0D22203A269A958700A8DC97 /* AddSetViewController.swift in Sources */ = {isa = PBXBuildFile; fileRef = 0D222039269A958700A8DC97 /* AddSetViewController.swift */; };
		0D2488B126632DE600D7A6FF /* SetViewController.swift in Sources */ = {isa = PBXBuildFile; fileRef = 0D2488B026632DE600D7A6FF /* SetViewController.swift */; };
		0D2488C126634EA600D7A6FF /* ColorModel.swift in Sources */ = {isa = PBXBuildFile; fileRef = 0D2488C026634EA600D7A6FF /* ColorModel.swift */; };
		0D27E9D726AC5388001E094E /* WordViewController.swift in Sources */ = {isa = PBXBuildFile; fileRef = 0D27E9D626AC5388001E094E /* WordViewController.swift */; };
		0D27E9F126AD350D001E094E /* RealmService.swift in Sources */ = {isa = PBXBuildFile; fileRef = 0D27E9F026AD350D001E094E /* RealmService.swift */; };
		0D3DCD4126BFAAAE009FF616 /* ResultViewController.swift in Sources */ = {isa = PBXBuildFile; fileRef = 0D3DCD4026BFAAAE009FF616 /* ResultViewController.swift */; };
		0D3DEB6326BF8E69009B324F /* SelectSetWordViewController.swift in Sources */ = {isa = PBXBuildFile; fileRef = 0D3DEB6226BF8E69009B324F /* SelectSetWordViewController.swift */; };
		0D554767268837F600967CB1 /* WordsViewController.swift in Sources */ = {isa = PBXBuildFile; fileRef = 0D554766268837F600967CB1 /* WordsViewController.swift */; };
		0D55477026883DF200967CB1 /* Charts in Frameworks */ = {isa = PBXBuildFile; productRef = 0D55476F26883DF200967CB1 /* Charts */; };
		0D5547872688514700967CB1 /* SetChartCell.swift in Sources */ = {isa = PBXBuildFile; fileRef = 0D5547852688514700967CB1 /* SetChartCell.swift */; };
		0D5547882688514700967CB1 /* SetChartCell.xib in Resources */ = {isa = PBXBuildFile; fileRef = 0D5547862688514700967CB1 /* SetChartCell.xib */; };
		0D5547912688585600967CB1 /* WordTableViewCell.swift in Sources */ = {isa = PBXBuildFile; fileRef = 0D55478F2688585600967CB1 /* WordTableViewCell.swift */; };
		0D5547922688585600967CB1 /* WordTableViewCell.xib in Resources */ = {isa = PBXBuildFile; fileRef = 0D5547902688585600967CB1 /* WordTableViewCell.xib */; };
		0D7C92D726BAD141009B8236 /* AddWordViewController.swift in Sources */ = {isa = PBXBuildFile; fileRef = 0D7C92D626BAD141009B8236 /* AddWordViewController.swift */; };
		0DAAE4E626500D2E0091D80F /* AppDelegate.swift in Sources */ = {isa = PBXBuildFile; fileRef = 0DAAE4E526500D2E0091D80F /* AppDelegate.swift */; };
		0DAAE4E826500D2E0091D80F /* SceneDelegate.swift in Sources */ = {isa = PBXBuildFile; fileRef = 0DAAE4E726500D2E0091D80F /* SceneDelegate.swift */; };
		0DAAE4EA26500D2E0091D80F /* MainViewController.swift in Sources */ = {isa = PBXBuildFile; fileRef = 0DAAE4E926500D2E0091D80F /* MainViewController.swift */; };
		0DAAE4ED26500D2E0091D80F /* Main.storyboard in Resources */ = {isa = PBXBuildFile; fileRef = 0DAAE4EB26500D2E0091D80F /* Main.storyboard */; };
		0DAAE4EF26500D2F0091D80F /* Assets.xcassets in Resources */ = {isa = PBXBuildFile; fileRef = 0DAAE4EE26500D2F0091D80F /* Assets.xcassets */; };
		0DAAE4F226500D2F0091D80F /* LaunchScreen.storyboard in Resources */ = {isa = PBXBuildFile; fileRef = 0DAAE4F026500D2F0091D80F /* LaunchScreen.storyboard */; };
		0DAAE4FD26500D2F0091D80F /* WordCamTests.swift in Sources */ = {isa = PBXBuildFile; fileRef = 0DAAE4FC26500D2F0091D80F /* WordCamTests.swift */; };
		0DAAE50826500D2F0091D80F /* WordCamUITests.swift in Sources */ = {isa = PBXBuildFile; fileRef = 0DAAE50726500D2F0091D80F /* WordCamUITests.swift */; };
		0DAAE51A26500F6B0091D80F /* Realm in Frameworks */ = {isa = PBXBuildFile; productRef = 0DAAE51926500F6B0091D80F /* Realm */; };
		0DAAE51C26500F6B0091D80F /* RealmSwift in Frameworks */ = {isa = PBXBuildFile; productRef = 0DAAE51B26500F6B0091D80F /* RealmSwift */; };
		0DB2817F26B5924200B9ABBA /* WordTitleCell.swift in Sources */ = {isa = PBXBuildFile; fileRef = 0DB2817D26B5924200B9ABBA /* WordTitleCell.swift */; };
		0DB2818026B5924200B9ABBA /* WordTitleCell.xib in Resources */ = {isa = PBXBuildFile; fileRef = 0DB2817E26B5924200B9ABBA /* WordTitleCell.xib */; };
		0DCB74C82650BF7F001A795C /* DataBaseModels.swift in Sources */ = {isa = PBXBuildFile; fileRef = 0DCB74C72650BF7E001A795C /* DataBaseModels.swift */; };
		0DCB74D32650C818001A795C /* SetCollectionViewCell.swift in Sources */ = {isa = PBXBuildFile; fileRef = 0DCB74D22650C818001A795C /* SetCollectionViewCell.swift */; };
		0DFA0EE126B9950B00630FAA /* QuizViewController.swift in Sources */ = {isa = PBXBuildFile; fileRef = 0DFA0EE026B9950B00630FAA /* QuizViewController.swift */; };
		540D7D9207053B7B654496D9 /* Pods_WordCam.framework in Frameworks */ = {isa = PBXBuildFile; fileRef = D7546CE90892F54F697E829A /* Pods_WordCam.framework */; };
		6001CEE1C1010D5C588E5BAD /* Pods_WordCamTests.framework in Frameworks */ = {isa = PBXBuildFile; fileRef = E4436A7CE8019B31BD6EE537 /* Pods_WordCamTests.framework */; };
		E66D30B9845A3DF4143C33A7 /* Pods_WordCam_WordCamUITests.framework in Frameworks */ = {isa = PBXBuildFile; fileRef = B9528B3F7D8763D9840078A8 /* Pods_WordCam_WordCamUITests.framework */; };
/* End PBXBuildFile section */

/* Begin PBXContainerItemProxy section */
		0DAAE4F926500D2F0091D80F /* PBXContainerItemProxy */ = {
			isa = PBXContainerItemProxy;
			containerPortal = 0DAAE4DA26500D2D0091D80F /* Project object */;
			proxyType = 1;
			remoteGlobalIDString = 0DAAE4E126500D2D0091D80F;
			remoteInfo = WordCam;
		};
		0DAAE50426500D2F0091D80F /* PBXContainerItemProxy */ = {
			isa = PBXContainerItemProxy;
			containerPortal = 0DAAE4DA26500D2D0091D80F /* Project object */;
			proxyType = 1;
			remoteGlobalIDString = 0DAAE4E126500D2D0091D80F;
			remoteInfo = WordCam;
		};
/* End PBXContainerItemProxy section */

/* Begin PBXCopyFilesBuildPhase section */
		0D91B278268812EE00A1C82F /* Embed Frameworks */ = {
			isa = PBXCopyFilesBuildPhase;
			buildActionMask = 2147483647;
			dstPath = "";
			dstSubfolderSpec = 10;
			files = (
			);
			name = "Embed Frameworks";
			runOnlyForDeploymentPostprocessing = 0;
		};
/* End PBXCopyFilesBuildPhase section */

/* Begin PBXFileReference section */
		0D220EF526B8396700ECE350 /* WordChartCell.swift */ = {isa = PBXFileReference; lastKnownFileType = sourcecode.swift; path = WordChartCell.swift; sourceTree = "<group>"; };
		0D220EF626B8396700ECE350 /* WordChartCell.xib */ = {isa = PBXFileReference; lastKnownFileType = file.xib; path = WordChartCell.xib; sourceTree = "<group>"; };
		0D222039269A958700A8DC97 /* AddSetViewController.swift */ = {isa = PBXFileReference; lastKnownFileType = sourcecode.swift; path = AddSetViewController.swift; sourceTree = "<group>"; };
		0D2488B026632DE600D7A6FF /* SetViewController.swift */ = {isa = PBXFileReference; lastKnownFileType = sourcecode.swift; path = SetViewController.swift; sourceTree = "<group>"; };
		0D2488C026634EA600D7A6FF /* ColorModel.swift */ = {isa = PBXFileReference; lastKnownFileType = sourcecode.swift; path = ColorModel.swift; sourceTree = "<group>"; };
		0D27E9D626AC5388001E094E /* WordViewController.swift */ = {isa = PBXFileReference; lastKnownFileType = sourcecode.swift; path = WordViewController.swift; sourceTree = "<group>"; };
		0D27E9F026AD350D001E094E /* RealmService.swift */ = {isa = PBXFileReference; lastKnownFileType = sourcecode.swift; path = RealmService.swift; sourceTree = "<group>"; };
		0D3DCD4026BFAAAE009FF616 /* ResultViewController.swift */ = {isa = PBXFileReference; lastKnownFileType = sourcecode.swift; path = ResultViewController.swift; sourceTree = "<group>"; };
		0D3DEB6226BF8E69009B324F /* SelectSetWordViewController.swift */ = {isa = PBXFileReference; lastKnownFileType = sourcecode.swift; path = SelectSetWordViewController.swift; sourceTree = "<group>"; };
		0D554766268837F600967CB1 /* WordsViewController.swift */ = {isa = PBXFileReference; lastKnownFileType = sourcecode.swift; name = WordsViewController.swift; path = ../WordsViewController.swift; sourceTree = "<group>"; };
		0D5547852688514700967CB1 /* SetChartCell.swift */ = {isa = PBXFileReference; lastKnownFileType = sourcecode.swift; path = SetChartCell.swift; sourceTree = "<group>"; };
		0D5547862688514700967CB1 /* SetChartCell.xib */ = {isa = PBXFileReference; lastKnownFileType = file.xib; path = SetChartCell.xib; sourceTree = "<group>"; };
		0D55478F2688585600967CB1 /* WordTableViewCell.swift */ = {isa = PBXFileReference; lastKnownFileType = sourcecode.swift; path = WordTableViewCell.swift; sourceTree = "<group>"; };
		0D5547902688585600967CB1 /* WordTableViewCell.xib */ = {isa = PBXFileReference; lastKnownFileType = file.xib; path = WordTableViewCell.xib; sourceTree = "<group>"; };
		0D7C92D626BAD141009B8236 /* AddWordViewController.swift */ = {isa = PBXFileReference; lastKnownFileType = sourcecode.swift; path = AddWordViewController.swift; sourceTree = "<group>"; };
		0DAAE4E226500D2D0091D80F /* WordCam.app */ = {isa = PBXFileReference; explicitFileType = wrapper.application; includeInIndex = 0; path = WordCam.app; sourceTree = BUILT_PRODUCTS_DIR; };
		0DAAE4E526500D2E0091D80F /* AppDelegate.swift */ = {isa = PBXFileReference; lastKnownFileType = sourcecode.swift; path = AppDelegate.swift; sourceTree = "<group>"; };
		0DAAE4E726500D2E0091D80F /* SceneDelegate.swift */ = {isa = PBXFileReference; lastKnownFileType = sourcecode.swift; path = SceneDelegate.swift; sourceTree = "<group>"; };
		0DAAE4E926500D2E0091D80F /* MainViewController.swift */ = {isa = PBXFileReference; lastKnownFileType = sourcecode.swift; path = MainViewController.swift; sourceTree = "<group>"; };
		0DAAE4EC26500D2E0091D80F /* Base */ = {isa = PBXFileReference; lastKnownFileType = file.storyboard; name = Base; path = Base.lproj/Main.storyboard; sourceTree = "<group>"; };
		0DAAE4EE26500D2F0091D80F /* Assets.xcassets */ = {isa = PBXFileReference; lastKnownFileType = folder.assetcatalog; path = Assets.xcassets; sourceTree = "<group>"; };
		0DAAE4F126500D2F0091D80F /* Base */ = {isa = PBXFileReference; lastKnownFileType = file.storyboard; name = Base; path = Base.lproj/LaunchScreen.storyboard; sourceTree = "<group>"; };
		0DAAE4F326500D2F0091D80F /* Info.plist */ = {isa = PBXFileReference; lastKnownFileType = text.plist.xml; path = Info.plist; sourceTree = "<group>"; };
		0DAAE4F826500D2F0091D80F /* WordCamTests.xctest */ = {isa = PBXFileReference; explicitFileType = wrapper.cfbundle; includeInIndex = 0; path = WordCamTests.xctest; sourceTree = BUILT_PRODUCTS_DIR; };
		0DAAE4FC26500D2F0091D80F /* WordCamTests.swift */ = {isa = PBXFileReference; lastKnownFileType = sourcecode.swift; path = WordCamTests.swift; sourceTree = "<group>"; };
		0DAAE4FE26500D2F0091D80F /* Info.plist */ = {isa = PBXFileReference; lastKnownFileType = text.plist.xml; path = Info.plist; sourceTree = "<group>"; };
		0DAAE50326500D2F0091D80F /* WordCamUITests.xctest */ = {isa = PBXFileReference; explicitFileType = wrapper.cfbundle; includeInIndex = 0; path = WordCamUITests.xctest; sourceTree = BUILT_PRODUCTS_DIR; };
		0DAAE50726500D2F0091D80F /* WordCamUITests.swift */ = {isa = PBXFileReference; lastKnownFileType = sourcecode.swift; path = WordCamUITests.swift; sourceTree = "<group>"; };
		0DAAE50926500D2F0091D80F /* Info.plist */ = {isa = PBXFileReference; lastKnownFileType = text.plist.xml; path = Info.plist; sourceTree = "<group>"; };
		0DB2817D26B5924200B9ABBA /* WordTitleCell.swift */ = {isa = PBXFileReference; lastKnownFileType = sourcecode.swift; path = WordTitleCell.swift; sourceTree = "<group>"; };
		0DB2817E26B5924200B9ABBA /* WordTitleCell.xib */ = {isa = PBXFileReference; lastKnownFileType = file.xib; path = WordTitleCell.xib; sourceTree = "<group>"; };
		0DCB74C72650BF7E001A795C /* DataBaseModels.swift */ = {isa = PBXFileReference; lastKnownFileType = sourcecode.swift; path = DataBaseModels.swift; sourceTree = "<group>"; };
		0DCB74D22650C818001A795C /* SetCollectionViewCell.swift */ = {isa = PBXFileReference; lastKnownFileType = sourcecode.swift; path = SetCollectionViewCell.swift; sourceTree = "<group>"; };
		0DFA0EE026B9950B00630FAA /* QuizViewController.swift */ = {isa = PBXFileReference; lastKnownFileType = sourcecode.swift; path = QuizViewController.swift; sourceTree = "<group>"; };
		41F969A08C550B5B3F4A2ABC /* Pods-WordCam.release.xcconfig */ = {isa = PBXFileReference; includeInIndex = 1; lastKnownFileType = text.xcconfig; name = "Pods-WordCam.release.xcconfig"; path = "Target Support Files/Pods-WordCam/Pods-WordCam.release.xcconfig"; sourceTree = "<group>"; };
		4828BB93B27E35B1B98D3AD8 /* Pods-WordCam-WordCamUITests.debug.xcconfig */ = {isa = PBXFileReference; includeInIndex = 1; lastKnownFileType = text.xcconfig; name = "Pods-WordCam-WordCamUITests.debug.xcconfig"; path = "Target Support Files/Pods-WordCam-WordCamUITests/Pods-WordCam-WordCamUITests.debug.xcconfig"; sourceTree = "<group>"; };
		612FCE136E1E610E56B9D1DC /* Pods-WordCam.debug.xcconfig */ = {isa = PBXFileReference; includeInIndex = 1; lastKnownFileType = text.xcconfig; name = "Pods-WordCam.debug.xcconfig"; path = "Target Support Files/Pods-WordCam/Pods-WordCam.debug.xcconfig"; sourceTree = "<group>"; };
		B8690692F80F6A8B10BBB8AD /* Pods-WordCam-WordCamUITests.release.xcconfig */ = {isa = PBXFileReference; includeInIndex = 1; lastKnownFileType = text.xcconfig; name = "Pods-WordCam-WordCamUITests.release.xcconfig"; path = "Target Support Files/Pods-WordCam-WordCamUITests/Pods-WordCam-WordCamUITests.release.xcconfig"; sourceTree = "<group>"; };
		B9528B3F7D8763D9840078A8 /* Pods_WordCam_WordCamUITests.framework */ = {isa = PBXFileReference; explicitFileType = wrapper.framework; includeInIndex = 0; path = Pods_WordCam_WordCamUITests.framework; sourceTree = BUILT_PRODUCTS_DIR; };
		D455261C361835392FFEDBD9 /* Pods-WordCamTests.release.xcconfig */ = {isa = PBXFileReference; includeInIndex = 1; lastKnownFileType = text.xcconfig; name = "Pods-WordCamTests.release.xcconfig"; path = "Target Support Files/Pods-WordCamTests/Pods-WordCamTests.release.xcconfig"; sourceTree = "<group>"; };
		D7546CE90892F54F697E829A /* Pods_WordCam.framework */ = {isa = PBXFileReference; explicitFileType = wrapper.framework; includeInIndex = 0; path = Pods_WordCam.framework; sourceTree = BUILT_PRODUCTS_DIR; };
		E4436A7CE8019B31BD6EE537 /* Pods_WordCamTests.framework */ = {isa = PBXFileReference; explicitFileType = wrapper.framework; includeInIndex = 0; path = Pods_WordCamTests.framework; sourceTree = BUILT_PRODUCTS_DIR; };
		EBAC5E408A95318CB989922C /* Pods-WordCamTests.debug.xcconfig */ = {isa = PBXFileReference; includeInIndex = 1; lastKnownFileType = text.xcconfig; name = "Pods-WordCamTests.debug.xcconfig"; path = "Target Support Files/Pods-WordCamTests/Pods-WordCamTests.debug.xcconfig"; sourceTree = "<group>"; };
/* End PBXFileReference section */

/* Begin PBXFrameworksBuildPhase section */
		0DAAE4DF26500D2D0091D80F /* Frameworks */ = {
			isa = PBXFrameworksBuildPhase;
			buildActionMask = 2147483647;
			files = (
				0DAAE51C26500F6B0091D80F /* RealmSwift in Frameworks */,
				0D55477026883DF200967CB1 /* Charts in Frameworks */,
				0DAAE51A26500F6B0091D80F /* Realm in Frameworks */,
				540D7D9207053B7B654496D9 /* Pods_WordCam.framework in Frameworks */,
			);
			runOnlyForDeploymentPostprocessing = 0;
		};
		0DAAE4F526500D2F0091D80F /* Frameworks */ = {
			isa = PBXFrameworksBuildPhase;
			buildActionMask = 2147483647;
			files = (
				6001CEE1C1010D5C588E5BAD /* Pods_WordCamTests.framework in Frameworks */,
			);
			runOnlyForDeploymentPostprocessing = 0;
		};
		0DAAE50026500D2F0091D80F /* Frameworks */ = {
			isa = PBXFrameworksBuildPhase;
			buildActionMask = 2147483647;
			files = (
				E66D30B9845A3DF4143C33A7 /* Pods_WordCam_WordCamUITests.framework in Frameworks */,
			);
			runOnlyForDeploymentPostprocessing = 0;
		};
/* End PBXFrameworksBuildPhase section */

/* Begin PBXGroup section */
		0D2488B826632E0400D7A6FF /* Controller */ = {
			isa = PBXGroup;
			children = (
				0DAAE4E926500D2E0091D80F /* MainViewController.swift */,
				0D2488B026632DE600D7A6FF /* SetViewController.swift */,
				0D3DEB6226BF8E69009B324F /* SelectSetWordViewController.swift */,
				0D222039269A958700A8DC97 /* AddSetViewController.swift */,
				0D7C92D626BAD141009B8236 /* AddWordViewController.swift */,
				0D554766268837F600967CB1 /* WordsViewController.swift */,
				0D27E9D626AC5388001E094E /* WordViewController.swift */,
				0DFA0EE026B9950B00630FAA /* QuizViewController.swift */,
				0D3DCD4026BFAAAE009FF616 /* ResultViewController.swift */,
			);
			path = Controller;
			sourceTree = "<group>";
		};
		0D2488B926632E1700D7A6FF /* Model */ = {
			isa = PBXGroup;
			children = (
				0D27E9F026AD350D001E094E /* RealmService.swift */,
				0DCB74C72650BF7E001A795C /* DataBaseModels.swift */,
				0D2488C026634EA600D7A6FF /* ColorModel.swift */,
				0D55478F2688585600967CB1 /* WordTableViewCell.swift */,
				0DCB74D22650C818001A795C /* SetCollectionViewCell.swift */,
				0D5547852688514700967CB1 /* SetChartCell.swift */,
				0D220EF526B8396700ECE350 /* WordChartCell.swift */,
				0DB2817D26B5924200B9ABBA /* WordTitleCell.swift */,
			);
			path = Model;
			sourceTree = "<group>";
		};
		0DAAE4D926500D2D0091D80F = {
			isa = PBXGroup;
			children = (
				0DAAE4E426500D2D0091D80F /* WordCam */,
				0DAAE4FB26500D2F0091D80F /* WordCamTests */,
				0DAAE50626500D2F0091D80F /* WordCamUITests */,
				0DAAE4E326500D2D0091D80F /* Products */,
				2B10DA4D1176340726CC2D6B /* Pods */,
				5378FCB463B201BC39862583 /* Frameworks */,
			);
			sourceTree = "<group>";
		};
		0DAAE4E326500D2D0091D80F /* Products */ = {
			isa = PBXGroup;
			children = (
				0DAAE4E226500D2D0091D80F /* WordCam.app */,
				0DAAE4F826500D2F0091D80F /* WordCamTests.xctest */,
				0DAAE50326500D2F0091D80F /* WordCamUITests.xctest */,
			);
			name = Products;
			sourceTree = "<group>";
		};
		0DAAE4E426500D2D0091D80F /* WordCam */ = {
			isa = PBXGroup;
			children = (
				0DAAE4E526500D2E0091D80F /* AppDelegate.swift */,
				0DAAE4E726500D2E0091D80F /* SceneDelegate.swift */,
				0D2488B926632E1700D7A6FF /* Model */,
				0D2488B826632E0400D7A6FF /* Controller */,
				0DAAE4EB26500D2E0091D80F /* Main.storyboard */,
				0D5547862688514700967CB1 /* SetChartCell.xib */,
				0D5547902688585600967CB1 /* WordTableViewCell.xib */,
				0DB2817E26B5924200B9ABBA /* WordTitleCell.xib */,
				0D220EF626B8396700ECE350 /* WordChartCell.xib */,
				0DAAE4EE26500D2F0091D80F /* Assets.xcassets */,
				0DAAE4F026500D2F0091D80F /* LaunchScreen.storyboard */,
				0DAAE4F326500D2F0091D80F /* Info.plist */,
			);
			path = WordCam;
			sourceTree = "<group>";
		};
		0DAAE4FB26500D2F0091D80F /* WordCamTests */ = {
			isa = PBXGroup;
			children = (
				0DAAE4FC26500D2F0091D80F /* WordCamTests.swift */,
				0DAAE4FE26500D2F0091D80F /* Info.plist */,
			);
			path = WordCamTests;
			sourceTree = "<group>";
		};
		0DAAE50626500D2F0091D80F /* WordCamUITests */ = {
			isa = PBXGroup;
			children = (
				0DAAE50726500D2F0091D80F /* WordCamUITests.swift */,
				0DAAE50926500D2F0091D80F /* Info.plist */,
			);
			path = WordCamUITests;
			sourceTree = "<group>";
		};
		2B10DA4D1176340726CC2D6B /* Pods */ = {
			isa = PBXGroup;
			children = (
				612FCE136E1E610E56B9D1DC /* Pods-WordCam.debug.xcconfig */,
				41F969A08C550B5B3F4A2ABC /* Pods-WordCam.release.xcconfig */,
				4828BB93B27E35B1B98D3AD8 /* Pods-WordCam-WordCamUITests.debug.xcconfig */,
				B8690692F80F6A8B10BBB8AD /* Pods-WordCam-WordCamUITests.release.xcconfig */,
				EBAC5E408A95318CB989922C /* Pods-WordCamTests.debug.xcconfig */,
				D455261C361835392FFEDBD9 /* Pods-WordCamTests.release.xcconfig */,
			);
			path = Pods;
			sourceTree = "<group>";
		};
		5378FCB463B201BC39862583 /* Frameworks */ = {
			isa = PBXGroup;
			children = (
				D7546CE90892F54F697E829A /* Pods_WordCam.framework */,
				B9528B3F7D8763D9840078A8 /* Pods_WordCam_WordCamUITests.framework */,
				E4436A7CE8019B31BD6EE537 /* Pods_WordCamTests.framework */,
			);
			name = Frameworks;
			sourceTree = "<group>";
		};
/* End PBXGroup section */

/* Begin PBXNativeTarget section */
		0DAAE4E126500D2D0091D80F /* WordCam */ = {
			isa = PBXNativeTarget;
			buildConfigurationList = 0DAAE50C26500D2F0091D80F /* Build configuration list for PBXNativeTarget "WordCam" */;
			buildPhases = (
				FA3CBFEAA2569F170373705D /* [CP] Check Pods Manifest.lock */,
				0DAAE4DE26500D2D0091D80F /* Sources */,
				0DAAE4DF26500D2D0091D80F /* Frameworks */,
				0DAAE4E026500D2D0091D80F /* Resources */,
				0D91B278268812EE00A1C82F /* Embed Frameworks */,
				635A9CBF0C219942720AC897 /* [CP] Embed Pods Frameworks */,
			);
			buildRules = (
			);
			dependencies = (
			);
			name = WordCam;
			packageProductDependencies = (
				0DAAE51926500F6B0091D80F /* Realm */,
				0DAAE51B26500F6B0091D80F /* RealmSwift */,
				0D55476F26883DF200967CB1 /* Charts */,
			);
			productName = WordCam;
			productReference = 0DAAE4E226500D2D0091D80F /* WordCam.app */;
			productType = "com.apple.product-type.application";
		};
		0DAAE4F726500D2F0091D80F /* WordCamTests */ = {
			isa = PBXNativeTarget;
			buildConfigurationList = 0DAAE50F26500D2F0091D80F /* Build configuration list for PBXNativeTarget "WordCamTests" */;
			buildPhases = (
				1FBB6A23E62E1AAC138297CF /* [CP] Check Pods Manifest.lock */,
				0DAAE4F426500D2F0091D80F /* Sources */,
				0DAAE4F526500D2F0091D80F /* Frameworks */,
				0DAAE4F626500D2F0091D80F /* Resources */,
			);
			buildRules = (
			);
			dependencies = (
				0DAAE4FA26500D2F0091D80F /* PBXTargetDependency */,
			);
			name = WordCamTests;
			productName = WordCamTests;
			productReference = 0DAAE4F826500D2F0091D80F /* WordCamTests.xctest */;
			productType = "com.apple.product-type.bundle.unit-test";
		};
		0DAAE50226500D2F0091D80F /* WordCamUITests */ = {
			isa = PBXNativeTarget;
			buildConfigurationList = 0DAAE51226500D2F0091D80F /* Build configuration list for PBXNativeTarget "WordCamUITests" */;
			buildPhases = (
				5D3F16E6F596810A2D277288 /* [CP] Check Pods Manifest.lock */,
				0DAAE4FF26500D2F0091D80F /* Sources */,
				0DAAE50026500D2F0091D80F /* Frameworks */,
				0DAAE50126500D2F0091D80F /* Resources */,
				F914532B7327A1253E3936D1 /* [CP] Embed Pods Frameworks */,
			);
			buildRules = (
			);
			dependencies = (
				0DAAE50526500D2F0091D80F /* PBXTargetDependency */,
			);
			name = WordCamUITests;
			productName = WordCamUITests;
			productReference = 0DAAE50326500D2F0091D80F /* WordCamUITests.xctest */;
			productType = "com.apple.product-type.bundle.ui-testing";
		};
/* End PBXNativeTarget section */

/* Begin PBXProject section */
		0DAAE4DA26500D2D0091D80F /* Project object */ = {
			isa = PBXProject;
			attributes = {
				LastSwiftUpdateCheck = 1240;
				LastUpgradeCheck = 1240;
				TargetAttributes = {
					0DAAE4E126500D2D0091D80F = {
						CreatedOnToolsVersion = 12.4;
					};
					0DAAE4F726500D2F0091D80F = {
						CreatedOnToolsVersion = 12.4;
						TestTargetID = 0DAAE4E126500D2D0091D80F;
					};
					0DAAE50226500D2F0091D80F = {
						CreatedOnToolsVersion = 12.4;
						TestTargetID = 0DAAE4E126500D2D0091D80F;
					};
				};
			};
			buildConfigurationList = 0DAAE4DD26500D2D0091D80F /* Build configuration list for PBXProject "WordCam" */;
			compatibilityVersion = "Xcode 9.3";
			developmentRegion = en;
			hasScannedForEncodings = 0;
			knownRegions = (
				en,
				Base,
			);
			mainGroup = 0DAAE4D926500D2D0091D80F;
			packageReferences = (
				0DAAE51826500F6B0091D80F /* XCRemoteSwiftPackageReference "realm-cocoa" */,
				0D55476E26883DF200967CB1 /* XCRemoteSwiftPackageReference "Charts" */,
			);
			productRefGroup = 0DAAE4E326500D2D0091D80F /* Products */;
			projectDirPath = "";
			projectRoot = "";
			targets = (
				0DAAE4E126500D2D0091D80F /* WordCam */,
				0DAAE4F726500D2F0091D80F /* WordCamTests */,
				0DAAE50226500D2F0091D80F /* WordCamUITests */,
			);
		};
/* End PBXProject section */

/* Begin PBXResourcesBuildPhase section */
		0DAAE4E026500D2D0091D80F /* Resources */ = {
			isa = PBXResourcesBuildPhase;
			buildActionMask = 2147483647;
			files = (
				0D220EF826B8396700ECE350 /* WordChartCell.xib in Resources */,
				0D5547882688514700967CB1 /* SetChartCell.xib in Resources */,
				0DAAE4F226500D2F0091D80F /* LaunchScreen.storyboard in Resources */,
				0DB2818026B5924200B9ABBA /* WordTitleCell.xib in Resources */,
				0DAAE4EF26500D2F0091D80F /* Assets.xcassets in Resources */,
				0DAAE4ED26500D2E0091D80F /* Main.storyboard in Resources */,
				0D5547922688585600967CB1 /* WordTableViewCell.xib in Resources */,
			);
			runOnlyForDeploymentPostprocessing = 0;
		};
		0DAAE4F626500D2F0091D80F /* Resources */ = {
			isa = PBXResourcesBuildPhase;
			buildActionMask = 2147483647;
			files = (
			);
			runOnlyForDeploymentPostprocessing = 0;
		};
		0DAAE50126500D2F0091D80F /* Resources */ = {
			isa = PBXResourcesBuildPhase;
			buildActionMask = 2147483647;
			files = (
			);
			runOnlyForDeploymentPostprocessing = 0;
		};
/* End PBXResourcesBuildPhase section */

/* Begin PBXShellScriptBuildPhase section */
		1FBB6A23E62E1AAC138297CF /* [CP] Check Pods Manifest.lock */ = {
			isa = PBXShellScriptBuildPhase;
			buildActionMask = 2147483647;
			files = (
			);
			inputFileListPaths = (
			);
			inputPaths = (
				"${PODS_PODFILE_DIR_PATH}/Podfile.lock",
				"${PODS_ROOT}/Manifest.lock",
			);
			name = "[CP] Check Pods Manifest.lock";
			outputFileListPaths = (
			);
			outputPaths = (
				"$(DERIVED_FILE_DIR)/Pods-WordCamTests-checkManifestLockResult.txt",
			);
			runOnlyForDeploymentPostprocessing = 0;
			shellPath = /bin/sh;
			shellScript = "diff \"${PODS_PODFILE_DIR_PATH}/Podfile.lock\" \"${PODS_ROOT}/Manifest.lock\" > /dev/null\nif [ $? != 0 ] ; then\n    # print error to STDERR\n    echo \"error: The sandbox is not in sync with the Podfile.lock. Run 'pod install' or update your CocoaPods installation.\" >&2\n    exit 1\nfi\n# This output is used by Xcode 'outputs' to avoid re-running this script phase.\necho \"SUCCESS\" > \"${SCRIPT_OUTPUT_FILE_0}\"\n";
			showEnvVarsInLog = 0;
		};
		5D3F16E6F596810A2D277288 /* [CP] Check Pods Manifest.lock */ = {
			isa = PBXShellScriptBuildPhase;
			buildActionMask = 2147483647;
			files = (
			);
			inputFileListPaths = (
			);
			inputPaths = (
				"${PODS_PODFILE_DIR_PATH}/Podfile.lock",
				"${PODS_ROOT}/Manifest.lock",
			);
			name = "[CP] Check Pods Manifest.lock";
			outputFileListPaths = (
			);
			outputPaths = (
				"$(DERIVED_FILE_DIR)/Pods-WordCam-WordCamUITests-checkManifestLockResult.txt",
			);
			runOnlyForDeploymentPostprocessing = 0;
			shellPath = /bin/sh;
			shellScript = "diff \"${PODS_PODFILE_DIR_PATH}/Podfile.lock\" \"${PODS_ROOT}/Manifest.lock\" > /dev/null\nif [ $? != 0 ] ; then\n    # print error to STDERR\n    echo \"error: The sandbox is not in sync with the Podfile.lock. Run 'pod install' or update your CocoaPods installation.\" >&2\n    exit 1\nfi\n# This output is used by Xcode 'outputs' to avoid re-running this script phase.\necho \"SUCCESS\" > \"${SCRIPT_OUTPUT_FILE_0}\"\n";
			showEnvVarsInLog = 0;
		};
		635A9CBF0C219942720AC897 /* [CP] Embed Pods Frameworks */ = {
			isa = PBXShellScriptBuildPhase;
			buildActionMask = 2147483647;
			files = (
			);
			inputFileListPaths = (
				"${PODS_ROOT}/Target Support Files/Pods-WordCam/Pods-WordCam-frameworks-${CONFIGURATION}-input-files.xcfilelist",
			);
			name = "[CP] Embed Pods Frameworks";
			outputFileListPaths = (
				"${PODS_ROOT}/Target Support Files/Pods-WordCam/Pods-WordCam-frameworks-${CONFIGURATION}-output-files.xcfilelist",
			);
			runOnlyForDeploymentPostprocessing = 0;
			shellPath = /bin/sh;
			shellScript = "\"${PODS_ROOT}/Target Support Files/Pods-WordCam/Pods-WordCam-frameworks.sh\"\n";
			showEnvVarsInLog = 0;
		};
		F914532B7327A1253E3936D1 /* [CP] Embed Pods Frameworks */ = {
			isa = PBXShellScriptBuildPhase;
			buildActionMask = 2147483647;
			files = (
			);
			inputFileListPaths = (
				"${PODS_ROOT}/Target Support Files/Pods-WordCam-WordCamUITests/Pods-WordCam-WordCamUITests-frameworks-${CONFIGURATION}-input-files.xcfilelist",
			);
			name = "[CP] Embed Pods Frameworks";
			outputFileListPaths = (
				"${PODS_ROOT}/Target Support Files/Pods-WordCam-WordCamUITests/Pods-WordCam-WordCamUITests-frameworks-${CONFIGURATION}-output-files.xcfilelist",
			);
			runOnlyForDeploymentPostprocessing = 0;
			shellPath = /bin/sh;
			shellScript = "\"${PODS_ROOT}/Target Support Files/Pods-WordCam-WordCamUITests/Pods-WordCam-WordCamUITests-frameworks.sh\"\n";
			showEnvVarsInLog = 0;
		};
		FA3CBFEAA2569F170373705D /* [CP] Check Pods Manifest.lock */ = {
			isa = PBXShellScriptBuildPhase;
			buildActionMask = 2147483647;
			files = (
			);
			inputFileListPaths = (
			);
			inputPaths = (
				"${PODS_PODFILE_DIR_PATH}/Podfile.lock",
				"${PODS_ROOT}/Manifest.lock",
			);
			name = "[CP] Check Pods Manifest.lock";
			outputFileListPaths = (
			);
			outputPaths = (
				"$(DERIVED_FILE_DIR)/Pods-WordCam-checkManifestLockResult.txt",
			);
			runOnlyForDeploymentPostprocessing = 0;
			shellPath = /bin/sh;
			shellScript = "diff \"${PODS_PODFILE_DIR_PATH}/Podfile.lock\" \"${PODS_ROOT}/Manifest.lock\" > /dev/null\nif [ $? != 0 ] ; then\n    # print error to STDERR\n    echo \"error: The sandbox is not in sync with the Podfile.lock. Run 'pod install' or update your CocoaPods installation.\" >&2\n    exit 1\nfi\n# This output is used by Xcode 'outputs' to avoid re-running this script phase.\necho \"SUCCESS\" > \"${SCRIPT_OUTPUT_FILE_0}\"\n";
			showEnvVarsInLog = 0;
		};
/* End PBXShellScriptBuildPhase section */

/* Begin PBXSourcesBuildPhase section */
		0DAAE4DE26500D2D0091D80F /* Sources */ = {
			isa = PBXSourcesBuildPhase;
			buildActionMask = 2147483647;
			files = (
				0D5547912688585600967CB1 /* WordTableViewCell.swift in Sources */,
				0D3DCD4126BFAAAE009FF616 /* ResultViewController.swift in Sources */,
				0DFA0EE126B9950B00630FAA /* QuizViewController.swift in Sources */,
				0D2488B126632DE600D7A6FF /* SetViewController.swift in Sources */,
				0D27E9D726AC5388001E094E /* WordViewController.swift in Sources */,
				0DAAE4EA26500D2E0091D80F /* MainViewController.swift in Sources */,
				0DAAE4E626500D2E0091D80F /* AppDelegate.swift in Sources */,
				0D2488C126634EA600D7A6FF /* ColorModel.swift in Sources */,
				0D7C92D726BAD141009B8236 /* AddWordViewController.swift in Sources */,
				0DAAE4E826500D2E0091D80F /* SceneDelegate.swift in Sources */,
				0D554767268837F600967CB1 /* WordsViewController.swift in Sources */,
				0D3DEB6326BF8E69009B324F /* SelectSetWordViewController.swift in Sources */,
				0D5547872688514700967CB1 /* SetChartCell.swift in Sources */,
				0DB2817F26B5924200B9ABBA /* WordTitleCell.swift in Sources */,
				0D22203A269A958700A8DC97 /* AddSetViewController.swift in Sources */,
				0D220EF726B8396700ECE350 /* WordChartCell.swift in Sources */,
				0DCB74C82650BF7F001A795C /* DataBaseModels.swift in Sources */,
				0DCB74D32650C818001A795C /* SetCollectionViewCell.swift in Sources */,
				0D27E9F126AD350D001E094E /* RealmService.swift in Sources */,
			);
			runOnlyForDeploymentPostprocessing = 0;
		};
		0DAAE4F426500D2F0091D80F /* Sources */ = {
			isa = PBXSourcesBuildPhase;
			buildActionMask = 2147483647;
			files = (
				0DAAE4FD26500D2F0091D80F /* WordCamTests.swift in Sources */,
			);
			runOnlyForDeploymentPostprocessing = 0;
		};
		0DAAE4FF26500D2F0091D80F /* Sources */ = {
			isa = PBXSourcesBuildPhase;
			buildActionMask = 2147483647;
			files = (
				0DAAE50826500D2F0091D80F /* WordCamUITests.swift in Sources */,
			);
			runOnlyForDeploymentPostprocessing = 0;
		};
/* End PBXSourcesBuildPhase section */

/* Begin PBXTargetDependency section */
		0DAAE4FA26500D2F0091D80F /* PBXTargetDependency */ = {
			isa = PBXTargetDependency;
			target = 0DAAE4E126500D2D0091D80F /* WordCam */;
			targetProxy = 0DAAE4F926500D2F0091D80F /* PBXContainerItemProxy */;
		};
		0DAAE50526500D2F0091D80F /* PBXTargetDependency */ = {
			isa = PBXTargetDependency;
			target = 0DAAE4E126500D2D0091D80F /* WordCam */;
			targetProxy = 0DAAE50426500D2F0091D80F /* PBXContainerItemProxy */;
		};
/* End PBXTargetDependency section */

/* Begin PBXVariantGroup section */
		0DAAE4EB26500D2E0091D80F /* Main.storyboard */ = {
			isa = PBXVariantGroup;
			children = (
				0DAAE4EC26500D2E0091D80F /* Base */,
			);
			name = Main.storyboard;
			sourceTree = "<group>";
		};
		0DAAE4F026500D2F0091D80F /* LaunchScreen.storyboard */ = {
			isa = PBXVariantGroup;
			children = (
				0DAAE4F126500D2F0091D80F /* Base */,
			);
			name = LaunchScreen.storyboard;
			sourceTree = "<group>";
		};
/* End PBXVariantGroup section */

/* Begin XCBuildConfiguration section */
		0DAAE50A26500D2F0091D80F /* Debug */ = {
			isa = XCBuildConfiguration;
			buildSettings = {
				ALWAYS_SEARCH_USER_PATHS = NO;
				CLANG_ANALYZER_NONNULL = YES;
				CLANG_ANALYZER_NUMBER_OBJECT_CONVERSION = YES_AGGRESSIVE;
				CLANG_CXX_LANGUAGE_STANDARD = "gnu++14";
				CLANG_CXX_LIBRARY = "libc++";
				CLANG_ENABLE_MODULES = YES;
				CLANG_ENABLE_OBJC_ARC = YES;
				CLANG_ENABLE_OBJC_WEAK = YES;
				CLANG_WARN_BLOCK_CAPTURE_AUTORELEASING = YES;
				CLANG_WARN_BOOL_CONVERSION = YES;
				CLANG_WARN_COMMA = YES;
				CLANG_WARN_CONSTANT_CONVERSION = YES;
				CLANG_WARN_DEPRECATED_OBJC_IMPLEMENTATIONS = YES;
				CLANG_WARN_DIRECT_OBJC_ISA_USAGE = YES_ERROR;
				CLANG_WARN_DOCUMENTATION_COMMENTS = YES;
				CLANG_WARN_EMPTY_BODY = YES;
				CLANG_WARN_ENUM_CONVERSION = YES;
				CLANG_WARN_INFINITE_RECURSION = YES;
				CLANG_WARN_INT_CONVERSION = YES;
				CLANG_WARN_NON_LITERAL_NULL_CONVERSION = YES;
				CLANG_WARN_OBJC_IMPLICIT_RETAIN_SELF = YES;
				CLANG_WARN_OBJC_LITERAL_CONVERSION = YES;
				CLANG_WARN_OBJC_ROOT_CLASS = YES_ERROR;
				CLANG_WARN_QUOTED_INCLUDE_IN_FRAMEWORK_HEADER = YES;
				CLANG_WARN_RANGE_LOOP_ANALYSIS = YES;
				CLANG_WARN_STRICT_PROTOTYPES = YES;
				CLANG_WARN_SUSPICIOUS_MOVE = YES;
				CLANG_WARN_UNGUARDED_AVAILABILITY = YES_AGGRESSIVE;
				CLANG_WARN_UNREACHABLE_CODE = YES;
				CLANG_WARN__DUPLICATE_METHOD_MATCH = YES;
				COPY_PHASE_STRIP = NO;
				DEBUG_INFORMATION_FORMAT = dwarf;
				ENABLE_STRICT_OBJC_MSGSEND = YES;
				ENABLE_TESTABILITY = YES;
				GCC_C_LANGUAGE_STANDARD = gnu11;
				GCC_DYNAMIC_NO_PIC = NO;
				GCC_NO_COMMON_BLOCKS = YES;
				GCC_OPTIMIZATION_LEVEL = 0;
				GCC_PREPROCESSOR_DEFINITIONS = (
					"DEBUG=1",
					"$(inherited)",
				);
				GCC_WARN_64_TO_32_BIT_CONVERSION = YES;
				GCC_WARN_ABOUT_RETURN_TYPE = YES_ERROR;
				GCC_WARN_UNDECLARED_SELECTOR = YES;
				GCC_WARN_UNINITIALIZED_AUTOS = YES_AGGRESSIVE;
				GCC_WARN_UNUSED_FUNCTION = YES;
				GCC_WARN_UNUSED_VARIABLE = YES;
				IPHONEOS_DEPLOYMENT_TARGET = 14.4;
				MTL_ENABLE_DEBUG_INFO = INCLUDE_SOURCE;
				MTL_FAST_MATH = YES;
				ONLY_ACTIVE_ARCH = YES;
				SDKROOT = iphoneos;
				SWIFT_ACTIVE_COMPILATION_CONDITIONS = DEBUG;
				SWIFT_OPTIMIZATION_LEVEL = "-Onone";
			};
			name = Debug;
		};
		0DAAE50B26500D2F0091D80F /* Release */ = {
			isa = XCBuildConfiguration;
			buildSettings = {
				ALWAYS_SEARCH_USER_PATHS = NO;
				CLANG_ANALYZER_NONNULL = YES;
				CLANG_ANALYZER_NUMBER_OBJECT_CONVERSION = YES_AGGRESSIVE;
				CLANG_CXX_LANGUAGE_STANDARD = "gnu++14";
				CLANG_CXX_LIBRARY = "libc++";
				CLANG_ENABLE_MODULES = YES;
				CLANG_ENABLE_OBJC_ARC = YES;
				CLANG_ENABLE_OBJC_WEAK = YES;
				CLANG_WARN_BLOCK_CAPTURE_AUTORELEASING = YES;
				CLANG_WARN_BOOL_CONVERSION = YES;
				CLANG_WARN_COMMA = YES;
				CLANG_WARN_CONSTANT_CONVERSION = YES;
				CLANG_WARN_DEPRECATED_OBJC_IMPLEMENTATIONS = YES;
				CLANG_WARN_DIRECT_OBJC_ISA_USAGE = YES_ERROR;
				CLANG_WARN_DOCUMENTATION_COMMENTS = YES;
				CLANG_WARN_EMPTY_BODY = YES;
				CLANG_WARN_ENUM_CONVERSION = YES;
				CLANG_WARN_INFINITE_RECURSION = YES;
				CLANG_WARN_INT_CONVERSION = YES;
				CLANG_WARN_NON_LITERAL_NULL_CONVERSION = YES;
				CLANG_WARN_OBJC_IMPLICIT_RETAIN_SELF = YES;
				CLANG_WARN_OBJC_LITERAL_CONVERSION = YES;
				CLANG_WARN_OBJC_ROOT_CLASS = YES_ERROR;
				CLANG_WARN_QUOTED_INCLUDE_IN_FRAMEWORK_HEADER = YES;
				CLANG_WARN_RANGE_LOOP_ANALYSIS = YES;
				CLANG_WARN_STRICT_PROTOTYPES = YES;
				CLANG_WARN_SUSPICIOUS_MOVE = YES;
				CLANG_WARN_UNGUARDED_AVAILABILITY = YES_AGGRESSIVE;
				CLANG_WARN_UNREACHABLE_CODE = YES;
				CLANG_WARN__DUPLICATE_METHOD_MATCH = YES;
				COPY_PHASE_STRIP = NO;
				DEBUG_INFORMATION_FORMAT = "dwarf-with-dsym";
				ENABLE_NS_ASSERTIONS = NO;
				ENABLE_STRICT_OBJC_MSGSEND = YES;
				GCC_C_LANGUAGE_STANDARD = gnu11;
				GCC_NO_COMMON_BLOCKS = YES;
				GCC_WARN_64_TO_32_BIT_CONVERSION = YES;
				GCC_WARN_ABOUT_RETURN_TYPE = YES_ERROR;
				GCC_WARN_UNDECLARED_SELECTOR = YES;
				GCC_WARN_UNINITIALIZED_AUTOS = YES_AGGRESSIVE;
				GCC_WARN_UNUSED_FUNCTION = YES;
				GCC_WARN_UNUSED_VARIABLE = YES;
				IPHONEOS_DEPLOYMENT_TARGET = 14.4;
				MTL_ENABLE_DEBUG_INFO = NO;
				MTL_FAST_MATH = YES;
				SDKROOT = iphoneos;
				SWIFT_COMPILATION_MODE = wholemodule;
				SWIFT_OPTIMIZATION_LEVEL = "-O";
				VALIDATE_PRODUCT = YES;
			};
			name = Release;
		};
		0DAAE50D26500D2F0091D80F /* Debug */ = {
			isa = XCBuildConfiguration;
			baseConfigurationReference = 612FCE136E1E610E56B9D1DC /* Pods-WordCam.debug.xcconfig */;
			buildSettings = {
				ASSETCATALOG_COMPILER_APPICON_NAME = AppIcon;
				ASSETCATALOG_COMPILER_GLOBAL_ACCENT_COLOR_NAME = AccentColor;
				CODE_SIGN_STYLE = Automatic;
				DEVELOPMENT_TEAM = 85G3P45U3F;
				INFOPLIST_FILE = WordCam/Info.plist;
				LD_RUNPATH_SEARCH_PATHS = (
					"$(inherited)",
					"@executable_path/Frameworks",
				);
				PRODUCT_BUNDLE_IDENTIFIER = atsushi.WordCam;
				PRODUCT_NAME = "$(TARGET_NAME)";
				SWIFT_VERSION = 5.0;
				TARGETED_DEVICE_FAMILY = "1,2";
			};
			name = Debug;
		};
		0DAAE50E26500D2F0091D80F /* Release */ = {
			isa = XCBuildConfiguration;
			baseConfigurationReference = 41F969A08C550B5B3F4A2ABC /* Pods-WordCam.release.xcconfig */;
			buildSettings = {
				ASSETCATALOG_COMPILER_APPICON_NAME = AppIcon;
				ASSETCATALOG_COMPILER_GLOBAL_ACCENT_COLOR_NAME = AccentColor;
				CODE_SIGN_STYLE = Automatic;
				DEVELOPMENT_TEAM = 85G3P45U3F;
				INFOPLIST_FILE = WordCam/Info.plist;
				LD_RUNPATH_SEARCH_PATHS = (
					"$(inherited)",
					"@executable_path/Frameworks",
				);
				PRODUCT_BUNDLE_IDENTIFIER = atsushi.WordCam;
				PRODUCT_NAME = "$(TARGET_NAME)";
				SWIFT_VERSION = 5.0;
				TARGETED_DEVICE_FAMILY = "1,2";
			};
			name = Release;
		};
		0DAAE51026500D2F0091D80F /* Debug */ = {
			isa = XCBuildConfiguration;
			baseConfigurationReference = EBAC5E408A95318CB989922C /* Pods-WordCamTests.debug.xcconfig */;
			buildSettings = {
				ALWAYS_EMBED_SWIFT_STANDARD_LIBRARIES = YES;
				BUNDLE_LOADER = "$(TEST_HOST)";
				CODE_SIGN_STYLE = Automatic;
				DEVELOPMENT_TEAM = 85G3P45U3F;
				INFOPLIST_FILE = WordCamTests/Info.plist;
				IPHONEOS_DEPLOYMENT_TARGET = 14.4;
				LD_RUNPATH_SEARCH_PATHS = (
					"$(inherited)",
					"@executable_path/Frameworks",
					"@loader_path/Frameworks",
				);
				PRODUCT_BUNDLE_IDENTIFIER = atsushi.WordCamTests;
				PRODUCT_NAME = "$(TARGET_NAME)";
				SWIFT_VERSION = 5.0;
				TARGETED_DEVICE_FAMILY = "1,2";
				TEST_HOST = "$(BUILT_PRODUCTS_DIR)/WordCam.app/WordCam";
			};
			name = Debug;
		};
		0DAAE51126500D2F0091D80F /* Release */ = {
			isa = XCBuildConfiguration;
			baseConfigurationReference = D455261C361835392FFEDBD9 /* Pods-WordCamTests.release.xcconfig */;
			buildSettings = {
				ALWAYS_EMBED_SWIFT_STANDARD_LIBRARIES = YES;
				BUNDLE_LOADER = "$(TEST_HOST)";
				CODE_SIGN_STYLE = Automatic;
				DEVELOPMENT_TEAM = 85G3P45U3F;
				INFOPLIST_FILE = WordCamTests/Info.plist;
				IPHONEOS_DEPLOYMENT_TARGET = 14.4;
				LD_RUNPATH_SEARCH_PATHS = (
					"$(inherited)",
					"@executable_path/Frameworks",
					"@loader_path/Frameworks",
				);
				PRODUCT_BUNDLE_IDENTIFIER = atsushi.WordCamTests;
				PRODUCT_NAME = "$(TARGET_NAME)";
				SWIFT_VERSION = 5.0;
				TARGETED_DEVICE_FAMILY = "1,2";
				TEST_HOST = "$(BUILT_PRODUCTS_DIR)/WordCam.app/WordCam";
			};
			name = Release;
		};
		0DAAE51326500D2F0091D80F /* Debug */ = {
			isa = XCBuildConfiguration;
			baseConfigurationReference = 4828BB93B27E35B1B98D3AD8 /* Pods-WordCam-WordCamUITests.debug.xcconfig */;
			buildSettings = {
				ALWAYS_EMBED_SWIFT_STANDARD_LIBRARIES = YES;
				CODE_SIGN_STYLE = Automatic;
				DEVELOPMENT_TEAM = 85G3P45U3F;
				INFOPLIST_FILE = WordCamUITests/Info.plist;
				LD_RUNPATH_SEARCH_PATHS = (
					"$(inherited)",
					"@executable_path/Frameworks",
					"@loader_path/Frameworks",
				);
				PRODUCT_BUNDLE_IDENTIFIER = atsushi.WordCamUITests;
				PRODUCT_NAME = "$(TARGET_NAME)";
				SWIFT_VERSION = 5.0;
				TARGETED_DEVICE_FAMILY = "1,2";
				TEST_TARGET_NAME = WordCam;
			};
			name = Debug;
		};
		0DAAE51426500D2F0091D80F /* Release */ = {
			isa = XCBuildConfiguration;
			baseConfigurationReference = B8690692F80F6A8B10BBB8AD /* Pods-WordCam-WordCamUITests.release.xcconfig */;
			buildSettings = {
				ALWAYS_EMBED_SWIFT_STANDARD_LIBRARIES = YES;
				CODE_SIGN_STYLE = Automatic;
				DEVELOPMENT_TEAM = 85G3P45U3F;
				INFOPLIST_FILE = WordCamUITests/Info.plist;
				LD_RUNPATH_SEARCH_PATHS = (
					"$(inherited)",
					"@executable_path/Frameworks",
					"@loader_path/Frameworks",
				);
				PRODUCT_BUNDLE_IDENTIFIER = atsushi.WordCamUITests;
				PRODUCT_NAME = "$(TARGET_NAME)";
				SWIFT_VERSION = 5.0;
				TARGETED_DEVICE_FAMILY = "1,2";
				TEST_TARGET_NAME = WordCam;
			};
			name = Release;
		};
/* End XCBuildConfiguration section */

/* Begin XCConfigurationList section */
		0DAAE4DD26500D2D0091D80F /* Build configuration list for PBXProject "WordCam" */ = {
			isa = XCConfigurationList;
			buildConfigurations = (
				0DAAE50A26500D2F0091D80F /* Debug */,
				0DAAE50B26500D2F0091D80F /* Release */,
			);
			defaultConfigurationIsVisible = 0;
			defaultConfigurationName = Release;
		};
		0DAAE50C26500D2F0091D80F /* Build configuration list for PBXNativeTarget "WordCam" */ = {
			isa = XCConfigurationList;
			buildConfigurations = (
				0DAAE50D26500D2F0091D80F /* Debug */,
				0DAAE50E26500D2F0091D80F /* Release */,
			);
			defaultConfigurationIsVisible = 0;
			defaultConfigurationName = Release;
		};
		0DAAE50F26500D2F0091D80F /* Build configuration list for PBXNativeTarget "WordCamTests" */ = {
			isa = XCConfigurationList;
			buildConfigurations = (
				0DAAE51026500D2F0091D80F /* Debug */,
				0DAAE51126500D2F0091D80F /* Release */,
			);
			defaultConfigurationIsVisible = 0;
			defaultConfigurationName = Release;
		};
		0DAAE51226500D2F0091D80F /* Build configuration list for PBXNativeTarget "WordCamUITests" */ = {
			isa = XCConfigurationList;
			buildConfigurations = (
				0DAAE51326500D2F0091D80F /* Debug */,
				0DAAE51426500D2F0091D80F /* Release */,
			);
			defaultConfigurationIsVisible = 0;
			defaultConfigurationName = Release;
		};
/* End XCConfigurationList section */

/* Begin XCRemoteSwiftPackageReference section */
		0D55476E26883DF200967CB1 /* XCRemoteSwiftPackageReference "Charts" */ = {
			isa = XCRemoteSwiftPackageReference;
			repositoryURL = "https://github.com/danielgindi/Charts";
			requirement = {
				kind = upToNextMajorVersion;
				minimumVersion = 4.0.1;
			};
		};
		0DAAE51826500F6B0091D80F /* XCRemoteSwiftPackageReference "realm-cocoa" */ = {
			isa = XCRemoteSwiftPackageReference;
			repositoryURL = "https://github.com/realm/realm-cocoa";
			requirement = {
				kind = upToNextMajorVersion;
				minimumVersion = 10.7.6;
			};
		};
/* End XCRemoteSwiftPackageReference section */

/* Begin XCSwiftPackageProductDependency section */
		0D55476F26883DF200967CB1 /* Charts */ = {
			isa = XCSwiftPackageProductDependency;
			package = 0D55476E26883DF200967CB1 /* XCRemoteSwiftPackageReference "Charts" */;
			productName = Charts;
		};
		0DAAE51926500F6B0091D80F /* Realm */ = {
			isa = XCSwiftPackageProductDependency;
			package = 0DAAE51826500F6B0091D80F /* XCRemoteSwiftPackageReference "realm-cocoa" */;
			productName = Realm;
		};
		0DAAE51B26500F6B0091D80F /* RealmSwift */ = {
			isa = XCSwiftPackageProductDependency;
			package = 0DAAE51826500F6B0091D80F /* XCRemoteSwiftPackageReference "realm-cocoa" */;
			productName = RealmSwift;
		};
/* End XCSwiftPackageProductDependency section */
	};
	rootObject = 0DAAE4DA26500D2D0091D80F /* Project object */;
}
